{
  "name": "interceptor",
  "version": "0.1.0",
  "lockfileVersion": 1,
  "requires": true,
  "dependencies": {
    "@types/estree": {
      "version": "0.0.39",
      "resolved": "http://r.tnpm.oa.com/@types/estree/download/@types/estree-0.0.39.tgz",
      "integrity": "sha1-4Xfmme4bjCLSMXTKqnQiZEOJUJ8=",
      "dev": true
    },
    "@types/node": {
      "version": "12.6.8",
      "resolved": "http://r.tnpm.oa.com/@types/node/download/@types/node-12.6.8.tgz",
      "integrity": "sha1-5Gm0v50cmDKu5JB7qKBRSUNXwSw=",
      "dev": true
    },
    "@types/resolve": {
      "version": "0.0.8",
      "resolved": "http://r.tnpm.oa.com/@types/resolve/download/@types/resolve-0.0.8.tgz",
      "integrity": "sha1-8mB00jjgJlnjI84aE9BB7uKA4ZQ=",
      "dev": true,
      "requires": {
        "@types/node": "*"
      }
    },
    "@types/uglify-js": {
      "version": "3.0.4",
      "resolved": "http://r.tnpm.oa.com/@types/uglify-js/download/@types/uglify-js-3.0.4.tgz",
      "integrity": "sha1-lr6uI99vVhhiqDC0KIpJ6GuqwII=",
      "dev": true,
      "requires": {
        "source-map": "^0.6.1"
      }
    },
    "acorn": {
      "version": "6.2.1",
      "resolved": "http://r.tnpm.oa.com/acorn/download/acorn-6.2.1.tgz",
      "integrity": "sha1-PthCLW3sCeYSHMeoQ8qGozCoa1E=",
      "dev": true
    },
    "acorn-dynamic-import": {
      "version": "4.0.0",
      "resolved": "http://r.tnpm.oa.com/acorn-dynamic-import/download/acorn-dynamic-import-4.0.0.tgz",
      "integrity": "sha1-SCIQFAWCo2uDw+NC4c/ryqkkCUg=",
      "dev": true
    },
    "acorn-jsx": {
      "version": "5.0.1",
      "resolved": "http://r.tnpm.oa.com/acorn-jsx/download/acorn-jsx-5.0.1.tgz",
      "integrity": "sha1-MqBk/ZJUKSFqCbFBECv90YX65A4=",
      "dev": true
    },
    "ansi-styles": {
      "version": "3.2.1",
      "resolved": "http://r.tnpm.oa.com/ansi-styles/download/ansi-styles-3.2.1.tgz",
      "integrity": "sha1-QfuyAkPlCxK+DwS43tvwdSDOhB0=",
      "dev": true,
      "requires": {
        "color-convert": "^1.9.0"
      }
    },
    "arg": {
      "version": "4.1.1",
      "resolved": "http://r.tnpm.oa.com/arg/download/arg-4.1.1.tgz",
      "integrity": "sha1-SF+OfDkM5MX3glfb6oDUvhH+2kw=",
      "dev": true
    },
    "axios": {
      "version": "0.19.0",
      "resolved": "http://r.tnpm.oa.com/axios/download/axios-0.19.0.tgz",
      "integrity": "sha1-jgm/89kSLhM/e4EByPvdAO09Krg=",
      "requires": {
        "follow-redirects": "1.5.10",
        "is-buffer": "^2.0.2"
      }
    },
    "buble": {
      "version": "0.19.8",
      "resolved": "http://r.tnpm.oa.com/buble/download/buble-0.19.8.tgz",
      "integrity": "sha1-1kLwCBr6tm3M2JfXtjYNlAMLnT0=",
      "dev": true,
      "requires": {
        "acorn": "^6.1.1",
        "acorn-dynamic-import": "^4.0.0",
        "acorn-jsx": "^5.0.1",
        "chalk": "^2.4.2",
        "magic-string": "^0.25.3",
        "minimist": "^1.2.0",
        "os-homedir": "^2.0.0",
        "regexpu-core": "^4.5.4"
      }
    },
    "buffer-from": {
      "version": "1.1.1",
      "resolved": "http://r.tnpm.oa.com/buffer-from/download/buffer-from-1.1.1.tgz",
      "integrity": "sha1-MnE7wCj3XAL9txDXx7zsHyxgcO8=",
      "dev": true
    },
    "builtin-modules": {
      "version": "3.1.0",
      "resolved": "http://r.tnpm.oa.com/builtin-modules/download/builtin-modules-3.1.0.tgz",
      "integrity": "sha1-qtl8FRMet2tltQ7yCOdYTNdqdIQ=",
      "dev": true
    },
    "chalk": {
      "version": "2.4.2",
      "resolved": "http://r.tnpm.oa.com/chalk/download/chalk-2.4.2.tgz",
      "integrity": "sha1-zUJUFnelQzPPVBpJEIwUMrRMlCQ=",
      "dev": true,
      "requires": {
        "ansi-styles": "^3.2.1",
        "escape-string-regexp": "^1.0.5",
        "supports-color": "^5.3.0"
      }
    },
    "color-convert": {
      "version": "1.9.3",
      "resolved": "http://r.tnpm.oa.com/color-convert/download/color-convert-1.9.3.tgz",
      "integrity": "sha1-u3GFBpDh8TZWfeYp0tVHHe2kweg=",
      "dev": true,
      "requires": {
        "color-name": "1.1.3"
      }
    },
    "color-name": {
      "version": "1.1.3",
      "resolved": "http://r.tnpm.oa.com/color-name/download/color-name-1.1.3.tgz",
      "integrity": "sha1-p9BVi9icQveV3UIyj3QIMcpTvCU=",
      "dev": true
    },
    "commander": {
      "version": "2.20.0",
      "resolved": "http://r.tnpm.oa.com/commander/download/commander-2.20.0.tgz",
      "integrity": "sha1-1YuytcHuj4ew00ACfp6U4iLFpCI=",
      "dev": true
    },
    "cross-env": {
      "version": "5.2.0",
      "resolved": "http://r.tnpm.oa.com/cross-env/download/cross-env-5.2.0.tgz",
      "integrity": "sha1-bs1MAV1Xc+YUA57lKQdmabnRJvI=",
      "dev": true,
      "requires": {
        "cross-spawn": "^6.0.5",
        "is-windows": "^1.0.0"
      }
    },
    "cross-spawn": {
      "version": "6.0.5",
      "resolved": "http://r.tnpm.oa.com/cross-spawn/download/cross-spawn-6.0.5.tgz",
      "integrity": "sha1-Sl7Hxk364iw6FBJNus3uhG2Ay8Q=",
      "dev": true,
      "requires": {
        "nice-try": "^1.0.4",
        "path-key": "^2.0.1",
        "semver": "^5.5.0",
        "shebang-command": "^1.2.0",
        "which": "^1.2.9"
      }
    },
    "debug": {
      "version": "3.1.0",
      "resolved": "http://r.tnpm.oa.com/debug/download/debug-3.1.0.tgz",
      "integrity": "sha1-W7WgZyYotkFJVmuhaBnmFRjGcmE=",
      "requires": {
        "ms": "2.0.0"
      }
    },
    "diff": {
      "version": "4.0.1",
      "resolved": "http://r.tnpm.oa.com/diff/download/diff-4.0.1.tgz",
      "integrity": "sha1-DGZ8tGfru1zqfxTxNcwtuneAqP8=",
      "dev": true
    },
    "escape-string-regexp": {
      "version": "1.0.5",
      "resolved": "http://r.tnpm.oa.com/escape-string-regexp/download/escape-string-regexp-1.0.5.tgz",
      "integrity": "sha1-G2HAViGQqN/2rjuyzwIAyhMLhtQ=",
      "dev": true
    },
    "estree-walker": {
      "version": "0.6.1",
      "resolved": "http://r.tnpm.oa.com/estree-walker/download/estree-walker-0.6.1.tgz",
      "integrity": "sha1-UwSRQ/QMbrkYsjZx0f4yGfOhs2I=",
      "dev": true
    },
    "follow-redirects": {
      "version": "1.5.10",
      "resolved": "http://r.tnpm.oa.com/follow-redirects/download/follow-redirects-1.5.10.tgz",
      "integrity": "sha1-e3qfmuov3/NnhqlP9kPtB/T/Xio=",
      "requires": {
        "debug": "=3.1.0"
      }
    },
    "fs-extra": {
      "version": "8.1.0",
      "resolved": "http://r.tnpm.oa.com/fs-extra/download/fs-extra-8.1.0.tgz",
      "integrity": "sha1-SdQ8RaiM2Wd2aMt74bRu/bjS4cA=",
      "dev": true,
      "requires": {
        "graceful-fs": "^4.2.0",
        "jsonfile": "^4.0.0",
        "universalify": "^0.1.0"
      }
    },
    "graceful-fs": {
      "version": "4.2.0",
      "resolved": "http://r.tnpm.oa.com/graceful-fs/download/graceful-fs-4.2.0.tgz",
      "integrity": "sha1-jY/cc5d8sEEEchy1NmbBymTNMos=",
      "dev": true
    },
    "has-flag": {
      "version": "3.0.0",
      "resolved": "http://r.tnpm.oa.com/has-flag/download/has-flag-3.0.0.tgz",
      "integrity": "sha1-tdRU3CGZriJWmfNGfloH87lVuv0=",
      "dev": true
    },
    "is-buffer": {
      "version": "2.0.3",
      "resolved": "http://r.tnpm.oa.com/is-buffer/download/is-buffer-2.0.3.tgz",
      "integrity": "sha1-Ts8/z3ScvR5HJonhCaxmJhol5yU="
    },
    "is-module": {
      "version": "1.0.0",
      "resolved": "http://r.tnpm.oa.com/is-module/download/is-module-1.0.0.tgz",
      "integrity": "sha1-Mlj7afeMFNW4FdZkM2tM/7ZEFZE=",
      "dev": true
    },
    "is-reference": {
      "version": "1.1.3",
      "resolved": "http://r.tnpm.oa.com/is-reference/download/is-reference-1.1.3.tgz",
      "integrity": "sha1-6ZBZIEtm/b4JMFz8pxWinKpcilE=",
      "dev": true,
      "requires": {
        "@types/estree": "0.0.39"
      }
    },
    "is-windows": {
      "version": "1.0.2",
      "resolved": "http://r.tnpm.oa.com/is-windows/download/is-windows-1.0.2.tgz",
      "integrity": "sha1-0YUOuXkezRjmGCzhKjDzlmNLsZ0=",
      "dev": true
    },
    "isexe": {
      "version": "2.0.0",
      "resolved": "http://r.tnpm.oa.com/isexe/download/isexe-2.0.0.tgz",
      "integrity": "sha1-6PvzdNxVb/iUehDcsFctYz8s+hA=",
      "dev": true
    },
    "jsesc": {
      "version": "0.5.0",
      "resolved": "http://r.tnpm.oa.com/jsesc/download/jsesc-0.5.0.tgz",
      "integrity": "sha1-597mbjXW/Bb3EP6R1c9p9w8IkR0=",
      "dev": true
    },
    "jsonfile": {
      "version": "4.0.0",
      "resolved": "http://r.tnpm.oa.com/jsonfile/download/jsonfile-4.0.0.tgz",
      "integrity": "sha1-h3Gq4HmbZAdrdmQPygWPnBDjPss=",
      "dev": true,
      "requires": {
        "graceful-fs": "^4.1.6"
      }
    },
    "magic-string": {
      "version": "0.25.3",
      "resolved": "http://r.tnpm.oa.com/magic-string/download/magic-string-0.25.3.tgz",
      "integrity": "sha1-NLjSosf+ydm9+ZKaP9gdJx7zW+k=",
      "dev": true,
      "requires": {
        "sourcemap-codec": "^1.4.4"
      }
    },
    "make-error": {
      "version": "1.3.5",
      "resolved": "http://r.tnpm.oa.com/make-error/download/make-error-1.3.5.tgz",
      "integrity": "sha1-7+ToH22yjK3WBccPKcgxtY73dsg=",
      "dev": true
    },
    "minimist": {
      "version": "1.2.0",
      "resolved": "http://r.tnpm.oa.com/minimist/download/minimist-1.2.0.tgz",
      "integrity": "sha1-o1AIsg9BOD7sH7kU9M1d95omQoQ=",
      "dev": true
    },
    "ms": {
      "version": "2.0.0",
      "resolved": "http://r.tnpm.oa.com/ms/download/ms-2.0.0.tgz",
      "integrity": "sha1-VgiurfwAvmwpAd9fmGF4jeDVl8g="
    },
    "nice-try": {
      "version": "1.0.5",
      "resolved": "http://r.tnpm.oa.com/nice-try/download/nice-try-1.0.5.tgz",
      "integrity": "sha1-ozeKdpbOfSI+iPybdkvX7xCJ42Y=",
      "dev": true
    },
    "os-homedir": {
      "version": "2.0.0",
      "resolved": "http://r.tnpm.oa.com/os-homedir/download/os-homedir-2.0.0.tgz",
      "integrity": "sha1-oMdrsAGoOSpQPL1G5+ZQs0I6kjw=",
      "dev": true
    },
    "path-key": {
      "version": "2.0.1",
      "resolved": "http://r.tnpm.oa.com/path-key/download/path-key-2.0.1.tgz",
      "integrity": "sha1-QRyttXTFoUDTpLGRDUDYDMn0C0A=",
      "dev": true
    },
    "path-parse": {
      "version": "1.0.6",
      "resolved": "http://r.tnpm.oa.com/path-parse/download/path-parse-1.0.6.tgz",
      "integrity": "sha1-1i27VnlAXXLEc37FhgDp3c8G0kw=",
      "dev": true
    },
    "regenerate": {
      "version": "1.4.0",
      "resolved": "http://r.tnpm.oa.com/regenerate/download/regenerate-1.4.0.tgz",
      "integrity": "sha1-SoVuxLVuQHfFV1icroXnpMiGmhE=",
      "dev": true
    },
    "regenerate-unicode-properties": {
      "version": "8.1.0",
      "resolved": "http://r.tnpm.oa.com/regenerate-unicode-properties/download/regenerate-unicode-properties-8.1.0.tgz",
      "integrity": "sha1-71Hg8OpK1CS3e/fLQfPgFccKPw4=",
      "dev": true,
      "requires": {
        "regenerate": "^1.4.0"
      }
    },
    "regexpu-core": {
      "version": "4.5.4",
      "resolved": "http://r.tnpm.oa.com/regexpu-core/download/regexpu-core-4.5.4.tgz",
      "integrity": "sha1-CA2dAiiaqH/hZnpPUTa8mKauuq4=",
      "dev": true,
      "requires": {
        "regenerate": "^1.4.0",
        "regenerate-unicode-properties": "^8.0.2",
        "regjsgen": "^0.5.0",
        "regjsparser": "^0.6.0",
        "unicode-match-property-ecmascript": "^1.0.4",
        "unicode-match-property-value-ecmascript": "^1.1.0"
      }
    },
    "regjsgen": {
      "version": "0.5.0",
      "resolved": "http://r.tnpm.oa.com/regjsgen/download/regjsgen-0.5.0.tgz",
      "integrity": "sha1-p2NNwI+JIJwgSa3aNSVxH7lyZd0=",
      "dev": true
    },
    "regjsparser": {
      "version": "0.6.0",
      "resolved": "http://r.tnpm.oa.com/regjsparser/download/regjsparser-0.6.0.tgz",
      "integrity": "sha1-8eaui32iuulsmTmbhozWyTOiupw=",
      "dev": true,
      "requires": {
        "jsesc": "~0.5.0"
      }
    },
    "resolve": {
      "version": "1.11.1",
      "resolved": "http://r.tnpm.oa.com/resolve/download/resolve-1.11.1.tgz",
      "integrity": "sha1-6hDYEQN2mC/vV434/DC5rDCgej4=",
      "dev": true,
      "requires": {
        "path-parse": "^1.0.6"
      }
    },
    "rollup": {
      "version": "1.17.0",
      "resolved": "http://r.tnpm.oa.com/rollup/download/rollup-1.17.0.tgz",
      "integrity": "sha1-R+6LBFFFRPyTs5uuBicSRMjbffo=",
      "dev": true,
      "requires": {
        "@types/estree": "0.0.39",
        "@types/node": "^12.6.2",
        "acorn": "^6.2.0"
      }
    },
    "rollup-plugin-buble": {
      "version": "0.19.8",
      "resolved": "http://r.tnpm.oa.com/rollup-plugin-buble/download/rollup-plugin-buble-0.19.8.tgz",
      "integrity": "sha1-+SMuK7YqdXPQT5cFwb1vAsKgLGo=",
      "dev": true,
      "requires": {
        "buble": "^0.19.8",
        "rollup-pluginutils": "^2.3.3"
      }
    },
    "rollup-plugin-commonjs": {
      "version": "10.0.1",
      "resolved": "http://r.tnpm.oa.com/rollup-plugin-commonjs/download/rollup-plugin-commonjs-10.0.1.tgz",
      "integrity": "sha1-+/yt9M4ugmBo4Fap9cGSh9l0Td8=",
      "dev": true,
      "requires": {
        "estree-walker": "^0.6.1",
        "is-reference": "^1.1.2",
        "magic-string": "^0.25.2",
        "resolve": "^1.11.0",
        "rollup-pluginutils": "^2.8.1"
      }
    },
    "rollup-plugin-node-resolve": {
      "version": "5.2.0",
      "resolved": "http://r.tnpm.oa.com/rollup-plugin-node-resolve/download/rollup-plugin-node-resolve-5.2.0.tgz",
      "integrity": "sha1-cw+T0Q7SAkc7H7VKWZen24xthSM=",
      "dev": true,
      "requires": {
        "@types/resolve": "0.0.8",
        "builtin-modules": "^3.1.0",
        "is-module": "^1.0.0",
        "resolve": "^1.11.1",
        "rollup-pluginutils": "^2.8.1"
      }
    },
    "rollup-plugin-replace": {
      "version": "2.2.0",
      "resolved": "http://r.tnpm.oa.com/rollup-plugin-replace/download/rollup-plugin-replace-2.2.0.tgz",
      "integrity": "sha1-9BrlNy4R56IXzeNJyLXV/RFecOM=",
      "dev": true,
      "requires": {
        "magic-string": "^0.25.2",
        "rollup-pluginutils": "^2.6.0"
      }
    },
    "rollup-plugin-typescript": {
      "version": "1.0.1",
      "resolved": "http://r.tnpm.oa.com/rollup-plugin-typescript/download/rollup-plugin-typescript-1.0.1.tgz",
      "integrity": "sha1-hlZQM7cUw9Hzq6UQqtPcUZ9wkek=",
      "dev": true,
      "requires": {
        "resolve": "^1.10.0",
        "rollup-pluginutils": "^2.5.0"
      }
    },
    "rollup-plugin-typescript2": {
      "version": "0.22.0",
      "resolved": "http://r.tnpm.oa.com/rollup-plugin-typescript2/download/rollup-plugin-typescript2-0.22.0.tgz",
      "integrity": "sha1-B7vMOyT+ARJTEKtaa5yZPopv7V4=",
      "dev": true,
      "requires": {
        "fs-extra": "8.1.0",
        "resolve": "1.11.1",
        "rollup-pluginutils": "2.8.1",
        "tslib": "1.10.0"
      }
    },
    "rollup-pluginutils": {
      "version": "2.8.1",
      "resolved": "http://r.tnpm.oa.com/rollup-pluginutils/download/rollup-pluginutils-2.8.1.tgz",
      "integrity": "sha1-j6bdBpc0STjvJsLAnSSIzp4zzpc=",
      "dev": true,
      "requires": {
        "estree-walker": "^0.6.1"
      }
    },
    "semver": {
      "version": "5.7.0",
      "resolved": "http://r.tnpm.oa.com/semver/download/semver-5.7.0.tgz",
      "integrity": "sha1-eQp89v6lRZuslhELKbYEEtyP+Ws=",
      "dev": true
    },
    "shebang-command": {
      "version": "1.2.0",
      "resolved": "http://r.tnpm.oa.com/shebang-command/download/shebang-command-1.2.0.tgz",
      "integrity": "sha1-RKrGW2lbAzmJaMOfNj/uXer98eo=",
      "dev": true,
      "requires": {
        "shebang-regex": "^1.0.0"
      }
    },
    "shebang-regex": {
      "version": "1.0.0",
      "resolved": "http://r.tnpm.oa.com/shebang-regex/download/shebang-regex-1.0.0.tgz",
      "integrity": "sha1-2kL0l0DAtC2yypcoVxyxkMmO/qM=",
      "dev": true
    },
    "source-map": {
      "version": "0.6.1",
      "resolved": "http://r.tnpm.oa.com/source-map/download/source-map-0.6.1.tgz",
      "integrity": "sha1-dHIq8y6WFOnCh6jQu95IteLxomM=",
      "dev": true
    },
    "source-map-support": {
      "version": "0.5.12",
      "resolved": "http://r.tnpm.oa.com/source-map-support/download/source-map-support-0.5.12.tgz",
      "integrity": "sha1-tPOxDVGFelrwE4086AA7IBYT1Zk=",
      "dev": true,
      "requires": {
        "buffer-from": "^1.0.0",
        "source-map": "^0.6.0"
      }
    },
    "sourcemap-codec": {
      "version": "1.4.6",
      "resolved": "http://r.tnpm.oa.com/sourcemap-codec/download/sourcemap-codec-1.4.6.tgz",
      "integrity": "sha1-4wp08EArrQmAdkDTnpcQkKCM4ek=",
      "dev": true
    },
    "supports-color": {
      "version": "5.5.0",
      "resolved": "http://r.tnpm.oa.com/supports-color/download/supports-color-5.5.0.tgz",
      "integrity": "sha1-4uaaRKyHcveKHsCzW2id9lMO/I8=",
      "dev": true,
      "requires": {
        "has-flag": "^3.0.0"
      }
    },
    "ts-node": {
      "version": "8.3.0",
      "resolved": "http://r.tnpm.oa.com/ts-node/download/ts-node-8.3.0.tgz",
      "integrity": "sha1-5AWWGEETcZJKH7XzsSWRXzJO+1c=",
      "dev": true,
      "requires": {
        "arg": "^4.1.0",
        "diff": "^4.0.1",
        "make-error": "^1.1.1",
        "source-map-support": "^0.5.6",
        "yn": "^3.0.0"
      }
    },
    "tslib": {
      "version": "1.10.0",
      "resolved": "http://r.tnpm.oa.com/tslib/download/tslib-1.10.0.tgz",
      "integrity": "sha1-w8GflZc/sKYpc/sJ2Q2WHuQ+XIo=",
      "dev": true
    },
    "typescript": {
      "version": "3.5.3",
      "resolved": "http://r.tnpm.oa.com/typescript/download/typescript-3.5.3.tgz",
      "integrity": "sha1-yDD2V/k/HqhGgZ6SkJL1/lmD6Xc=",
      "dev": true
    },
    "uglify-js": {
      "version": "3.6.0",
      "resolved": "http://r.tnpm.oa.com/uglify-js/download/uglify-js-3.6.0.tgz",
      "integrity": "sha1-cEaBNFxTqLIHn7bOwpSwXq0kL/U=",
      "dev": true,
      "requires": {
        "commander": "~2.20.0",
        "source-map": "~0.6.1"
      }
    },
    "unicode-canonical-property-names-ecmascript": {
      "version": "1.0.4",
      "resolved": "http://r.tnpm.oa.com/unicode-canonical-property-names-ecmascript/download/unicode-canonical-property-names-ecmascript-1.0.4.tgz",
      "integrity": "sha1-JhmADEyCWADv3YNDr33Zkzy+KBg=",
      "dev": true
    },
    "unicode-match-property-ecmascript": {
      "version": "1.0.4",
      "resolved": "http://r.tnpm.oa.com/unicode-match-property-ecmascript/download/unicode-match-property-ecmascript-1.0.4.tgz",
      "integrity": "sha1-jtKjJWmWG86SJ9Cc0/+7j+1fAgw=",
      "dev": true,
      "requires": {
        "unicode-canonical-property-names-ecmascript": "^1.0.4",
        "unicode-property-aliases-ecmascript": "^1.0.4"
      }
    },
    "unicode-match-property-value-ecmascript": {
      "version": "1.1.0",
      "resolved": "http://r.tnpm.oa.com/unicode-match-property-value-ecmascript/download/unicode-match-property-value-ecmascript-1.1.0.tgz",
      "integrity": "sha1-W0tCbgjROoA2Xg1lesemwexGonc=",
      "dev": true
    },
    "unicode-property-aliases-ecmascript": {
      "version": "1.0.5",
      "resolved": "http://r.tnpm.oa.com/unicode-property-aliases-ecmascript/download/unicode-property-aliases-ecmascript-1.0.5.tgz",
      "integrity": "sha1-qcxsx85joKMCP8meNBuUQx1AWlc=",
      "dev": true
    },
    "universalify": {
      "version": "0.1.2",
      "resolved": "http://r.tnpm.oa.com/universalify/download/universalify-0.1.2.tgz",
      "integrity": "sha1-tkb2m+OULavOzJ1mOcgNwQXvqmY=",
      "dev": true
    },
    "which": {
      "version": "1.3.1",
      "resolved": "http://r.tnpm.oa.com/which/download/which-1.3.1.tgz",
      "integrity": "sha1-pFBD1U9YBTFtqNYvn1CRjT2nCwo=",
      "dev": true,
      "requires": {
        "isexe": "^2.0.0"
      }
    },
    "yn": {
      "version": "3.1.0",
      "resolved": "http://r.tnpm.oa.com/yn/download/yn-3.1.0.tgz",
      "integrity": "sha1-/L4ttjYQNhr8xeueCskel20EYRQ=",
      "dev": true
    },
    "zlib": {
      "version": "1.0.5",
      "resolved": "http://r.tnpm.oa.com/zlib/download/zlib-1.0.5.tgz",
      "integrity": "sha1-bnyXL8NxxkWmr7A6sUdp3vEU/MA=",
      "dev": true
    }
  }
}
